
Microsoft Visual Studio Solution File, Format Version 12.00
# Visual Studio 2012
Project("{FAE04EC0-301F-11D3-BF4B-00C04F79EFBC}") = "MusalaSoft", "MusalaSoft\MusalaSoft.csproj", "{86867A26-439D-4011-AF81-74E7D276AB2E}"
EndProject
Global
	GlobalSection(SolutionConfigurationPlatforms) = preSolution
		Debug|Any CPU = Debug|Any CPU
		Release|Any CPU = Release|Any CPU
	EndGlobalSection
	GlobalSection(ProjectConfigurationPlatforms) = postSolution
		{86867A26-439D-4011-AF81-74E7D276AB2E}.Debug|Any CPU.ActiveCfg = Debug|Any CPU
		{86867A26-439D-4011-AF81-74E7D276AB2E}.Debug|Any CPU.Build.0 = Debug|Any CPU
		{86867A26-439D-4011-AF81-74E7D276AB2E}.Release|Any CPU.ActiveCfg = Release|Any CPU
		{86867A26-439D-4011-AF81-74E7D276AB2E}.Release|Any CPU.Build.0 = Release|Any CPU
	EndGlobalSection
	GlobalSection(SolutionProperties) = preSolution
		HideSolutionNode = FALSE
	EndGlobalSection
EndGlobal
